Microsoft Visual Studio Solution File, Format Version 8.00
Project("{8BC9CEB8-8B4A-11D0-8D11-00A0C91BC942}") = "Visitor1", "Visitor1.vcproj", "{EB6EADBC-48ED-4DF1-8037-27000B1EE1D6}"
	ProjectSection(ProjectDependencies) = postProject
	EndProjectSection
EndProject
Global
	GlobalSection(SolutionConfiguration) = preSolution
		Debug = Debug
		Release = Release
	EndGlobalSection
	GlobalSection(ProjectDependencies) = postSolution
	EndGlobalSection
	GlobalSection(ProjectConfiguration) = postSolution
		{EB6EADBC-48ED-4DF1-8037-27000B1EE1D6}.Debug.ActiveCfg = Debug|Win32
		{EB6EADBC-48ED-4DF1-8037-27000B1EE1D6}.Debug.Build.0 = Debug|Win32
		{EB6EADBC-48ED-4DF1-8037-27000B1EE1D6}.Release.ActiveCfg = Release|Win32
		{EB6EADBC-48ED-4DF1-8037-27000B1EE1D6}.Release.Build.0 = Release|Win32
	EndGlobalSection
	GlobalSection(ExtensibilityGlobals) = postSolution
	EndGlobalSection
	GlobalSection(ExtensibilityAddIns) = postSolution
	EndGlobalSection
EndGlobal
