
Microsoft Visual Studio Solution File, Format Version 10.00
# Visual Studio 2008
Project("{8BC9CEB8-8B4A-11D0-8D11-00A0C91BC942}") = "elevator1", "elevator1\elevator1.vcproj", "{CA9A811E-4419-49E5-ADBF-6FFD980A61C6}"
EndProject
Global
	GlobalSection(SolutionConfigurationPlatforms) = preSolution
		Debug|Win32 = Debug|Win32
		Release|Win32 = Release|Win32
	EndGlobalSection
	GlobalSection(ProjectConfigurationPlatforms) = postSolution
		{CA9A811E-4419-49E5-ADBF-6FFD980A61C6}.Debug|Win32.ActiveCfg = Debug|Win32
		{CA9A811E-4419-49E5-ADBF-6FFD980A61C6}.Debug|Win32.Build.0 = Debug|Win32
		{CA9A811E-4419-49E5-ADBF-6FFD980A61C6}.Release|Win32.ActiveCfg = Release|Win32
		{CA9A811E-4419-49E5-ADBF-6FFD980A61C6}.Release|Win32.Build.0 = Release|Win32
	EndGlobalSection
	GlobalSection(SolutionProperties) = preSolution
		HideSolutionNode = FALSE
	EndGlobalSection
EndGlobal
