
Microsoft Visual Studio Solution File, Format Version 9.00
# Visual Studio 2005
Project("{8BC9CEB8-8B4A-11D0-8D11-00A0C91BC942}") = "Copy-To-Write", "Copy-To-Write\Copy-To-Write.vcproj", "{0ED5AD70-DCE4-40BA-8B2C-93B545E2BE29}"
EndProject
Global
	GlobalSection(SolutionConfigurationPlatforms) = preSolution
		Debug|Win32 = Debug|Win32
		Release|Win32 = Release|Win32
	EndGlobalSection
	GlobalSection(ProjectConfigurationPlatforms) = postSolution
		{0ED5AD70-DCE4-40BA-8B2C-93B545E2BE29}.Debug|Win32.ActiveCfg = Debug|Win32
		{0ED5AD70-DCE4-40BA-8B2C-93B545E2BE29}.Debug|Win32.Build.0 = Debug|Win32
		{0ED5AD70-DCE4-40BA-8B2C-93B545E2BE29}.Release|Win32.ActiveCfg = Release|Win32
		{0ED5AD70-DCE4-40BA-8B2C-93B545E2BE29}.Release|Win32.Build.0 = Release|Win32
	EndGlobalSection
	GlobalSection(SolutionProperties) = preSolution
		HideSolutionNode = FALSE
	EndGlobalSection
EndGlobal
