Microsoft Visual Studio Solution File, Format Version 8.00
Project("{8BC9CEB8-8B4A-11D0-8D11-00A0C91BC942}") = "test_gtk", "test_gtk\test_gtk.vcproj", "{5F332E9A-AC5A-46C0-BCB3-908F2A53570E}"
	ProjectSection(ProjectDependencies) = postProject
	EndProjectSection
EndProject
Global
	GlobalSection(SolutionConfiguration) = preSolution
		Debug = Debug
		Release = Release
	EndGlobalSection
	GlobalSection(ProjectConfiguration) = postSolution
		{5F332E9A-AC5A-46C0-BCB3-908F2A53570E}.Debug.ActiveCfg = Debug|Win32
		{5F332E9A-AC5A-46C0-BCB3-908F2A53570E}.Debug.Build.0 = Debug|Win32
		{5F332E9A-AC5A-46C0-BCB3-908F2A53570E}.Release.ActiveCfg = Release|Win32
		{5F332E9A-AC5A-46C0-BCB3-908F2A53570E}.Release.Build.0 = Release|Win32
	EndGlobalSection
	GlobalSection(ExtensibilityGlobals) = postSolution
	EndGlobalSection
	GlobalSection(ExtensibilityAddIns) = postSolution
	EndGlobalSection
EndGlobal
