
Microsoft Visual Studio Solution File, Format Version 9.00
# Visual Studio 2005
Project("{8BC9CEB8-8B4A-11D0-8D11-00A0C91BC942}") = "TestStaticLib", "TestStaticLib\TestStaticLib.vcproj", "{C0230985-4FD5-4891-9CE7-471A99940115}"
EndProject
Project("{8BC9CEB8-8B4A-11D0-8D11-00A0C91BC942}") = "libCall", "libCall\libCall.vcproj", "{608C5EFA-E9C7-4D59-BF95-661897D41210}"
EndProject
Global
	GlobalSection(SolutionConfigurationPlatforms) = preSolution
		Debug|Win32 = Debug|Win32
		Release|Win32 = Release|Win32
	EndGlobalSection
	GlobalSection(ProjectConfigurationPlatforms) = postSolution
		{C0230985-4FD5-4891-9CE7-471A99940115}.Debug|Win32.ActiveCfg = Debug|Win32
		{C0230985-4FD5-4891-9CE7-471A99940115}.Debug|Win32.Build.0 = Debug|Win32
		{C0230985-4FD5-4891-9CE7-471A99940115}.Release|Win32.ActiveCfg = Release|Win32
		{C0230985-4FD5-4891-9CE7-471A99940115}.Release|Win32.Build.0 = Release|Win32
		{608C5EFA-E9C7-4D59-BF95-661897D41210}.Debug|Win32.ActiveCfg = Debug|Win32
		{608C5EFA-E9C7-4D59-BF95-661897D41210}.Debug|Win32.Build.0 = Debug|Win32
		{608C5EFA-E9C7-4D59-BF95-661897D41210}.Release|Win32.ActiveCfg = Release|Win32
		{608C5EFA-E9C7-4D59-BF95-661897D41210}.Release|Win32.Build.0 = Release|Win32
	EndGlobalSection
	GlobalSection(SolutionProperties) = preSolution
		HideSolutionNode = FALSE
	EndGlobalSection
EndGlobal
